// !$*UTF8*$!
{
	archiveVersion = 1;
	classes = {
	};
	objectVersion = 55;
	objects = {

/* Begin PBXBuildFile section */
		04D51AAF2813034400990CDA /* ReviewListViewController.swift in Sources */ = {isa = PBXBuildFile; fileRef = 04D51AAE2813034400990CDA /* ReviewListViewController.swift */; };
		04D51AB12813035900990CDA /* AddReviewViewController.swift in Sources */ = {isa = PBXBuildFile; fileRef = 04D51AB02813035900990CDA /* AddReviewViewController.swift */; };
		04D51AB32813037F00990CDA /* ReviewCell.swift in Sources */ = {isa = PBXBuildFile; fileRef = 04D51AB22813037F00990CDA /* ReviewCell.swift */; };
		0DF3FCB52813A300007276B0 /* DetailsReviewViewController.swift in Sources */ = {isa = PBXBuildFile; fileRef = 0DF3FCB42813A300007276B0 /* DetailsReviewViewController.swift */; };
		20E9105BAFA25C59A1C97AC1 /* Pods_book_review.framework in Frameworks */ = {isa = PBXBuildFile; fileRef = DD9C40080AEE235CD3EE2E20 /* Pods_book_review.framework */; };
		300DD4E7281316EE004B880B /* ResultsTableViewController.swift in Sources */ = {isa = PBXBuildFile; fileRef = 300DD4E6281316EE004B880B /* ResultsTableViewController.swift */; };
		3039038328094B40003457E1 /* AppDelegate.swift in Sources */ = {isa = PBXBuildFile; fileRef = 3039038228094B40003457E1 /* AppDelegate.swift */; };
		3039038528094B40003457E1 /* SceneDelegate.swift in Sources */ = {isa = PBXBuildFile; fileRef = 3039038428094B40003457E1 /* SceneDelegate.swift */; };
		3039038728094B40003457E1 /* ViewController.swift in Sources */ = {isa = PBXBuildFile; fileRef = 3039038628094B40003457E1 /* ViewController.swift */; };
		3039038A28094B40003457E1 /* Main.storyboard in Resources */ = {isa = PBXBuildFile; fileRef = 3039038828094B40003457E1 /* Main.storyboard */; };
		3039038C28094B41003457E1 /* Assets.xcassets in Resources */ = {isa = PBXBuildFile; fileRef = 3039038B28094B41003457E1 /* Assets.xcassets */; };
		3039038F28094B41003457E1 /* LaunchScreen.storyboard in Resources */ = {isa = PBXBuildFile; fileRef = 3039038D28094B41003457E1 /* LaunchScreen.storyboard */; };
		30390397280B6AF3003457E1 /* BooksViewController.swift in Sources */ = {isa = PBXBuildFile; fileRef = 30390396280B6AF3003457E1 /* BooksViewController.swift */; };
		30390399280B719F003457E1 /* BookCell.swift in Sources */ = {isa = PBXBuildFile; fileRef = 30390398280B719F003457E1 /* BookCell.swift */; };
		303903A1280B946E003457E1 /* BookList.swift in Sources */ = {isa = PBXBuildFile; fileRef = 303903A0280B946E003457E1 /* BookList.swift */; };
		303903A32810877D003457E1 /* Books.swift in Sources */ = {isa = PBXBuildFile; fileRef = 303903A22810877D003457E1 /* Books.swift */; };
		8C30091D2813620B004551A4 /* LoginViewController.swift in Sources */ = {isa = PBXBuildFile; fileRef = 8C30091C2813620B004551A4 /* LoginViewController.swift */; };
/* End PBXBuildFile section */

/* Begin PBXFileReference section */
		04D51AAE2813034400990CDA /* ReviewListViewController.swift */ = {isa = PBXFileReference; lastKnownFileType = sourcecode.swift; path = ReviewListViewController.swift; sourceTree = "<group>"; };
		04D51AB02813035900990CDA /* AddReviewViewController.swift */ = {isa = PBXFileReference; lastKnownFileType = sourcecode.swift; path = AddReviewViewController.swift; sourceTree = "<group>"; };
		04D51AB22813037F00990CDA /* ReviewCell.swift */ = {isa = PBXFileReference; lastKnownFileType = sourcecode.swift; path = ReviewCell.swift; sourceTree = "<group>"; };
		0DF3FCB42813A300007276B0 /* DetailsReviewViewController.swift */ = {isa = PBXFileReference; lastKnownFileType = sourcecode.swift; path = DetailsReviewViewController.swift; sourceTree = "<group>"; };
		1E4251FE3735AC8B08230199 /* Pods-book-review.release.xcconfig */ = {isa = PBXFileReference; includeInIndex = 1; lastKnownFileType = text.xcconfig; name = "Pods-book-review.release.xcconfig"; path = "Target Support Files/Pods-book-review/Pods-book-review.release.xcconfig"; sourceTree = "<group>"; };
		300DD4E6281316EE004B880B /* ResultsTableViewController.swift */ = {isa = PBXFileReference; lastKnownFileType = sourcecode.swift; path = ResultsTableViewController.swift; sourceTree = "<group>"; };
		3039037F28094B40003457E1 /* book-review.app */ = {isa = PBXFileReference; explicitFileType = wrapper.application; includeInIndex = 0; path = "book-review.app"; sourceTree = BUILT_PRODUCTS_DIR; };
		3039038228094B40003457E1 /* AppDelegate.swift */ = {isa = PBXFileReference; lastKnownFileType = sourcecode.swift; path = AppDelegate.swift; sourceTree = "<group>"; };
		3039038428094B40003457E1 /* SceneDelegate.swift */ = {isa = PBXFileReference; lastKnownFileType = sourcecode.swift; path = SceneDelegate.swift; sourceTree = "<group>"; };
		3039038628094B40003457E1 /* ViewController.swift */ = {isa = PBXFileReference; lastKnownFileType = sourcecode.swift; path = ViewController.swift; sourceTree = "<group>"; };
		3039038928094B40003457E1 /* Base */ = {isa = PBXFileReference; lastKnownFileType = file.storyboard; name = Base; path = Base.lproj/Main.storyboard; sourceTree = "<group>"; };
		3039038B28094B41003457E1 /* Assets.xcassets */ = {isa = PBXFileReference; lastKnownFileType = folder.assetcatalog; path = Assets.xcassets; sourceTree = "<group>"; };
		3039038E28094B41003457E1 /* Base */ = {isa = PBXFileReference; lastKnownFileType = file.storyboard; name = Base; path = Base.lproj/LaunchScreen.storyboard; sourceTree = "<group>"; };
		3039039028094B41003457E1 /* Info.plist */ = {isa = PBXFileReference; lastKnownFileType = text.plist.xml; path = Info.plist; sourceTree = "<group>"; };
		30390396280B6AF3003457E1 /* BooksViewController.swift */ = {isa = PBXFileReference; lastKnownFileType = sourcecode.swift; path = BooksViewController.swift; sourceTree = "<group>"; };
		30390398280B719F003457E1 /* BookCell.swift */ = {isa = PBXFileReference; lastKnownFileType = sourcecode.swift; path = BookCell.swift; sourceTree = "<group>"; };
		303903A0280B946E003457E1 /* BookList.swift */ = {isa = PBXFileReference; lastKnownFileType = sourcecode.swift; path = BookList.swift; sourceTree = "<group>"; };
		303903A22810877D003457E1 /* Books.swift */ = {isa = PBXFileReference; lastKnownFileType = sourcecode.swift; path = Books.swift; sourceTree = "<group>"; };
		8C30091C2813620B004551A4 /* LoginViewController.swift */ = {isa = PBXFileReference; lastKnownFileType = sourcecode.swift; path = LoginViewController.swift; sourceTree = "<group>"; };
		B922B70EF494C704395670C0 /* Pods-book-review.debug.xcconfig */ = {isa = PBXFileReference; includeInIndex = 1; lastKnownFileType = text.xcconfig; name = "Pods-book-review.debug.xcconfig"; path = "Target Support Files/Pods-book-review/Pods-book-review.debug.xcconfig"; sourceTree = "<group>"; };
		DD9C40080AEE235CD3EE2E20 /* Pods_book_review.framework */ = {isa = PBXFileReference; explicitFileType = wrapper.framework; includeInIndex = 0; path = Pods_book_review.framework; sourceTree = BUILT_PRODUCTS_DIR; };
/* End PBXFileReference section */

/* Begin PBXFrameworksBuildPhase section */
		3039037C28094B40003457E1 /* Frameworks */ = {
			isa = PBXFrameworksBuildPhase;
			buildActionMask = 2147483647;
			files = (
				20E9105BAFA25C59A1C97AC1 /* Pods_book_review.framework in Frameworks */,
			);
			runOnlyForDeploymentPostprocessing = 0;
		};
/* End PBXFrameworksBuildPhase section */

/* Begin PBXGroup section */
		0717E9B2AA2AD3E8D6708AD9 /* Frameworks */ = {
			isa = PBXGroup;
			children = (
				DD9C40080AEE235CD3EE2E20 /* Pods_book_review.framework */,
			);
			name = Frameworks;
			sourceTree = "<group>";
		};
		3039037628094B40003457E1 = {
			isa = PBXGroup;
			children = (
				3039038128094B40003457E1 /* book-review */,
				3039038028094B40003457E1 /* Products */,
				FFEF71746890B05006FB5602 /* Pods */,
				0717E9B2AA2AD3E8D6708AD9 /* Frameworks */,
			);
			sourceTree = "<group>";
		};
		3039038028094B40003457E1 /* Products */ = {
			isa = PBXGroup;
			children = (
				3039037F28094B40003457E1 /* book-review.app */,
			);
			name = Products;
			sourceTree = "<group>";
		};
		3039038128094B40003457E1 /* book-review */ = {
			isa = PBXGroup;
			children = (
				303903A428108884003457E1 /* Singleton */,
				3039039B280B866E003457E1 /* Model */,
				3039039A280B8649003457E1 /* Controller */,
				3039038228094B40003457E1 /* AppDelegate.swift */,
				3039038428094B40003457E1 /* SceneDelegate.swift */,
				3039038628094B40003457E1 /* ViewController.swift */,
				3039038828094B40003457E1 /* Main.storyboard */,
				0DF3FCB42813A300007276B0 /* DetailsReviewViewController.swift */,
				04D51AAE2813034400990CDA /* ReviewListViewController.swift */,
				04D51AB02813035900990CDA /* AddReviewViewController.swift */,
				04D51AB22813037F00990CDA /* ReviewCell.swift */,
				3039038B28094B41003457E1 /* Assets.xcassets */,
				3039038D28094B41003457E1 /* LaunchScreen.storyboard */,
				30390398280B719F003457E1 /* BookCell.swift */,
				3039039028094B41003457E1 /* Info.plist */,
				8C30091C2813620B004551A4 /* LoginViewController.swift */,
			);
			path = "book-review";
			sourceTree = "<group>";
		};
		3039039A280B8649003457E1 /* Controller */ = {
			isa = PBXGroup;
			children = (
				30390396280B6AF3003457E1 /* BooksViewController.swift */,
				300DD4E6281316EE004B880B /* ResultsTableViewController.swift */,
			);
			path = Controller;
			sourceTree = "<group>";
		};
		3039039B280B866E003457E1 /* Model */ = {
			isa = PBXGroup;
			children = (
				303903A0280B946E003457E1 /* BookList.swift */,
			);
			path = Model;
			sourceTree = "<group>";
		};
		303903A428108884003457E1 /* Singleton */ = {
			isa = PBXGroup;
			children = (
				303903A22810877D003457E1 /* Books.swift */,
			);
			path = Singleton;
			sourceTree = "<group>";
		};
		FFEF71746890B05006FB5602 /* Pods */ = {
			isa = PBXGroup;
			children = (
				B922B70EF494C704395670C0 /* Pods-book-review.debug.xcconfig */,
				1E4251FE3735AC8B08230199 /* Pods-book-review.release.xcconfig */,
			);
			path = Pods;
			sourceTree = "<group>";
		};
/* End PBXGroup section */

/* Begin PBXNativeTarget section */
		3039037E28094B40003457E1 /* book-review */ = {
			isa = PBXNativeTarget;
			buildConfigurationList = 3039039328094B41003457E1 /* Build configuration list for PBXNativeTarget "book-review" */;
			buildPhases = (
				70D5E80D6592AF750E54BE58 /* [CP] Check Pods Manifest.lock */,
				3039037B28094B40003457E1 /* Sources */,
				3039037C28094B40003457E1 /* Frameworks */,
				3039037D28094B40003457E1 /* Resources */,
				5AAEA41BBC1097203E41DCD2 /* [CP] Embed Pods Frameworks */,
			);
			buildRules = (
			);
			dependencies = (
			);
			name = "book-review";
			productName = "book-review";
			productReference = 3039037F28094B40003457E1 /* book-review.app */;
			productType = "com.apple.product-type.application";
		};
/* End PBXNativeTarget section */

/* Begin PBXProject section */
		3039037728094B40003457E1 /* Project object */ = {
			isa = PBXProject;
			attributes = {
				BuildIndependentTargetsInParallel = 1;
				LastSwiftUpdateCheck = 1330;
				LastUpgradeCheck = 1330;
				TargetAttributes = {
					3039037E28094B40003457E1 = {
						CreatedOnToolsVersion = 13.3.1;
					};
				};
			};
			buildConfigurationList = 3039037A28094B40003457E1 /* Build configuration list for PBXProject "book-review" */;
			compatibilityVersion = "Xcode 13.0";
			developmentRegion = en;
			hasScannedForEncodings = 0;
			knownRegions = (
				en,
				Base,
			);
			mainGroup = 3039037628094B40003457E1;
			productRefGroup = 3039038028094B40003457E1 /* Products */;
			projectDirPath = "";
			projectRoot = "";
			targets = (
				3039037E28094B40003457E1 /* book-review */,
			);
		};
/* End PBXProject section */

/* Begin PBXResourcesBuildPhase section */
		3039037D28094B40003457E1 /* Resources */ = {
			isa = PBXResourcesBuildPhase;
			buildActionMask = 2147483647;
			files = (
				3039038F28094B41003457E1 /* LaunchScreen.storyboard in Resources */,
				3039038C28094B41003457E1 /* Assets.xcassets in Resources */,
				3039038A28094B40003457E1 /* Main.storyboard in Resources */,
			);
			runOnlyForDeploymentPostprocessing = 0;
		};
/* End PBXResourcesBuildPhase section */

/* Begin PBXShellScriptBuildPhase section */
		5AAEA41BBC1097203E41DCD2 /* [CP] Embed Pods Frameworks */ = {
			isa = PBXShellScriptBuildPhase;
			buildActionMask = 2147483647;
			files = (
			);
			inputFileListPaths = (
				"${PODS_ROOT}/Target Support Files/Pods-book-review/Pods-book-review-frameworks-${CONFIGURATION}-input-files.xcfilelist",
			);
			name = "[CP] Embed Pods Frameworks";
			outputFileListPaths = (
				"${PODS_ROOT}/Target Support Files/Pods-book-review/Pods-book-review-frameworks-${CONFIGURATION}-output-files.xcfilelist",
			);
			runOnlyForDeploymentPostprocessing = 0;
			shellPath = /bin/sh;
			shellScript = "\"${PODS_ROOT}/Target Support Files/Pods-book-review/Pods-book-review-frameworks.sh\"\n";
			showEnvVarsInLog = 0;
		};
		70D5E80D6592AF750E54BE58 /* [CP] Check Pods Manifest.lock */ = {
			isa = PBXShellScriptBuildPhase;
			buildActionMask = 2147483647;
			files = (
			);
			inputFileListPaths = (
			);
			inputPaths = (
				"${PODS_PODFILE_DIR_PATH}/Podfile.lock",
				"${PODS_ROOT}/Manifest.lock",
			);
			name = "[CP] Check Pods Manifest.lock";
			outputFileListPaths = (
			);
			outputPaths = (
				"$(DERIVED_FILE_DIR)/Pods-book-review-checkManifestLockResult.txt",
			);
			runOnlyForDeploymentPostprocessing = 0;
			shellPath = /bin/sh;
			shellScript = "diff \"${PODS_PODFILE_DIR_PATH}/Podfile.lock\" \"${PODS_ROOT}/Manifest.lock\" > /dev/null\nif [ $? != 0 ] ; then\n    # print error to STDERR\n    echo \"error: The sandbox is not in sync with the Podfile.lock. Run 'pod install' or update your CocoaPods installation.\" >&2\n    exit 1\nfi\n# This output is used by Xcode 'outputs' to avoid re-running this script phase.\necho \"SUCCESS\" > \"${SCRIPT_OUTPUT_FILE_0}\"\n";
			showEnvVarsInLog = 0;
		};
/* End PBXShellScriptBuildPhase section */

/* Begin PBXSourcesBuildPhase section */
		3039037B28094B40003457E1 /* Sources */ = {
			isa = PBXSourcesBuildPhase;
			buildActionMask = 2147483647;
			files = (
				8C30091D2813620B004551A4 /* LoginViewController.swift in Sources */,
				300DD4E7281316EE004B880B /* ResultsTableViewController.swift in Sources */,
				303903A1280B946E003457E1 /* BookList.swift in Sources */,
				04D51AAF2813034400990CDA /* ReviewListViewController.swift in Sources */,
				04D51AB12813035900990CDA /* AddReviewViewController.swift in Sources */,
				3039038728094B40003457E1 /* ViewController.swift in Sources */,
				04D51AB32813037F00990CDA /* ReviewCell.swift in Sources */,
				0DF3FCB52813A300007276B0 /* DetailsReviewViewController.swift in Sources */,
				30390397280B6AF3003457E1 /* BooksViewController.swift in Sources */,
				303903A32810877D003457E1 /* Books.swift in Sources */,
				3039038328094B40003457E1 /* AppDelegate.swift in Sources */,
				3039038528094B40003457E1 /* SceneDelegate.swift in Sources */,
				30390399280B719F003457E1 /* BookCell.swift in Sources */,
			);
			runOnlyForDeploymentPostprocessing = 0;
		};
/* End PBXSourcesBuildPhase section */

/* Begin PBXVariantGroup section */
		3039038828094B40003457E1 /* Main.storyboard */ = {
			isa = PBXVariantGroup;
			children = (
				3039038928094B40003457E1 /* Base */,
			);
			name = Main.storyboard;
			sourceTree = "<group>";
		};
		3039038D28094B41003457E1 /* LaunchScreen.storyboard */ = {
			isa = PBXVariantGroup;
			children = (
				3039038E28094B41003457E1 /* Base */,
			);
			name = LaunchScreen.storyboard;
			sourceTree = "<group>";
		};
/* End PBXVariantGroup section */

/* Begin XCBuildConfiguration section */
		3039039128094B41003457E1 /* Debug */ = {
			isa = XCBuildConfiguration;
			buildSettings = {
				ALWAYS_SEARCH_USER_PATHS = NO;
				CLANG_ANALYZER_NONNULL = YES;
				CLANG_ANALYZER_NUMBER_OBJECT_CONVERSION = YES_AGGRESSIVE;
				CLANG_CXX_LANGUAGE_STANDARD = "gnu++17";
				CLANG_ENABLE_MODULES = YES;
				CLANG_ENABLE_OBJC_ARC = YES;
				CLANG_ENABLE_OBJC_WEAK = YES;
				CLANG_WARN_BLOCK_CAPTURE_AUTORELEASING = YES;
				CLANG_WARN_BOOL_CONVERSION = YES;
				CLANG_WARN_COMMA = YES;
				CLANG_WARN_CONSTANT_CONVERSION = YES;
				CLANG_WARN_DEPRECATED_OBJC_IMPLEMENTATIONS = YES;
				CLANG_WARN_DIRECT_OBJC_ISA_USAGE = YES_ERROR;
				CLANG_WARN_DOCUMENTATION_COMMENTS = YES;
				CLANG_WARN_EMPTY_BODY = YES;
				CLANG_WARN_ENUM_CONVERSION = YES;
				CLANG_WARN_INFINITE_RECURSION = YES;
				CLANG_WARN_INT_CONVERSION = YES;
				CLANG_WARN_NON_LITERAL_NULL_CONVERSION = YES;
				CLANG_WARN_OBJC_IMPLICIT_RETAIN_SELF = YES;
				CLANG_WARN_OBJC_LITERAL_CONVERSION = YES;
				CLANG_WARN_OBJC_ROOT_CLASS = YES_ERROR;
				CLANG_WARN_QUOTED_INCLUDE_IN_FRAMEWORK_HEADER = YES;
				CLANG_WARN_RANGE_LOOP_ANALYSIS = YES;
				CLANG_WARN_STRICT_PROTOTYPES = YES;
				CLANG_WARN_SUSPICIOUS_MOVE = YES;
				CLANG_WARN_UNGUARDED_AVAILABILITY = YES_AGGRESSIVE;
				CLANG_WARN_UNREACHABLE_CODE = YES;
				CLANG_WARN__DUPLICATE_METHOD_MATCH = YES;
				COPY_PHASE_STRIP = NO;
				DEBUG_INFORMATION_FORMAT = dwarf;
				ENABLE_STRICT_OBJC_MSGSEND = YES;
				ENABLE_TESTABILITY = YES;
				GCC_C_LANGUAGE_STANDARD = gnu11;
				GCC_DYNAMIC_NO_PIC = NO;
				GCC_NO_COMMON_BLOCKS = YES;
				GCC_OPTIMIZATION_LEVEL = 0;
				GCC_PREPROCESSOR_DEFINITIONS = (
					"DEBUG=1",
					"$(inherited)",
				);
				GCC_WARN_64_TO_32_BIT_CONVERSION = YES;
				GCC_WARN_ABOUT_RETURN_TYPE = YES_ERROR;
				GCC_WARN_UNDECLARED_SELECTOR = YES;
				GCC_WARN_UNINITIALIZED_AUTOS = YES_AGGRESSIVE;
				GCC_WARN_UNUSED_FUNCTION = YES;
				GCC_WARN_UNUSED_VARIABLE = YES;
				IPHONEOS_DEPLOYMENT_TARGET = 15.4;
				MTL_ENABLE_DEBUG_INFO = INCLUDE_SOURCE;
				MTL_FAST_MATH = YES;
				ONLY_ACTIVE_ARCH = YES;
				SDKROOT = iphoneos;
				SWIFT_ACTIVE_COMPILATION_CONDITIONS = DEBUG;
				SWIFT_OPTIMIZATION_LEVEL = "-Onone";
			};
			name = Debug;
		};
		3039039228094B41003457E1 /* Release */ = {
			isa = XCBuildConfiguration;
			buildSettings = {
				ALWAYS_SEARCH_USER_PATHS = NO;
				CLANG_ANALYZER_NONNULL = YES;
				CLANG_ANALYZER_NUMBER_OBJECT_CONVERSION = YES_AGGRESSIVE;
				CLANG_CXX_LANGUAGE_STANDARD = "gnu++17";
				CLANG_ENABLE_MODULES = YES;
				CLANG_ENABLE_OBJC_ARC = YES;
				CLANG_ENABLE_OBJC_WEAK = YES;
				CLANG_WARN_BLOCK_CAPTURE_AUTORELEASING = YES;
				CLANG_WARN_BOOL_CONVERSION = YES;
				CLANG_WARN_COMMA = YES;
				CLANG_WARN_CONSTANT_CONVERSION = YES;
				CLANG_WARN_DEPRECATED_OBJC_IMPLEMENTATIONS = YES;
				CLANG_WARN_DIRECT_OBJC_ISA_USAGE = YES_ERROR;
				CLANG_WARN_DOCUMENTATION_COMMENTS = YES;
				CLANG_WARN_EMPTY_BODY = YES;
				CLANG_WARN_ENUM_CONVERSION = YES;
				CLANG_WARN_INFINITE_RECURSION = YES;
				CLANG_WARN_INT_CONVERSION = YES;
				CLANG_WARN_NON_LITERAL_NULL_CONVERSION = YES;
				CLANG_WARN_OBJC_IMPLICIT_RETAIN_SELF = YES;
				CLANG_WARN_OBJC_LITERAL_CONVERSION = YES;
				CLANG_WARN_OBJC_ROOT_CLASS = YES_ERROR;
				CLANG_WARN_QUOTED_INCLUDE_IN_FRAMEWORK_HEADER = YES;
				CLANG_WARN_RANGE_LOOP_ANALYSIS = YES;
				CLANG_WARN_STRICT_PROTOTYPES = YES;
				CLANG_WARN_SUSPICIOUS_MOVE = YES;
				CLANG_WARN_UNGUARDED_AVAILABILITY = YES_AGGRESSIVE;
				CLANG_WARN_UNREACHABLE_CODE = YES;
				CLANG_WARN__DUPLICATE_METHOD_MATCH = YES;
				COPY_PHASE_STRIP = NO;
				DEBUG_INFORMATION_FORMAT = "dwarf-with-dsym";
				ENABLE_NS_ASSERTIONS = NO;
				ENABLE_STRICT_OBJC_MSGSEND = YES;
				GCC_C_LANGUAGE_STANDARD = gnu11;
				GCC_NO_COMMON_BLOCKS = YES;
				GCC_WARN_64_TO_32_BIT_CONVERSION = YES;
				GCC_WARN_ABOUT_RETURN_TYPE = YES_ERROR;
				GCC_WARN_UNDECLARED_SELECTOR = YES;
				GCC_WARN_UNINITIALIZED_AUTOS = YES_AGGRESSIVE;
				GCC_WARN_UNUSED_FUNCTION = YES;
				GCC_WARN_UNUSED_VARIABLE = YES;
				IPHONEOS_DEPLOYMENT_TARGET = 15.4;
				MTL_ENABLE_DEBUG_INFO = NO;
				MTL_FAST_MATH = YES;
				SDKROOT = iphoneos;
				SWIFT_COMPILATION_MODE = wholemodule;
				SWIFT_OPTIMIZATION_LEVEL = "-O";
				VALIDATE_PRODUCT = YES;
			};
			name = Release;
		};
		3039039428094B41003457E1 /* Debug */ = {
			isa = XCBuildConfiguration;
			baseConfigurationReference = B922B70EF494C704395670C0 /* Pods-book-review.debug.xcconfig */;
			buildSettings = {
				ASSETCATALOG_COMPILER_APPICON_NAME = AppIcon;
				ASSETCATALOG_COMPILER_GLOBAL_ACCENT_COLOR_NAME = AccentColor;
				CODE_SIGN_STYLE = Automatic;
				CURRENT_PROJECT_VERSION = 1;
				GENERATE_INFOPLIST_FILE = YES;
				INFOPLIST_FILE = "book-review/Info.plist";
				INFOPLIST_KEY_UIApplicationSupportsIndirectInputEvents = YES;
				INFOPLIST_KEY_UILaunchStoryboardName = LaunchScreen;
				INFOPLIST_KEY_UIMainStoryboardFile = Main;
				INFOPLIST_KEY_UISupportedInterfaceOrientations_iPad = "UIInterfaceOrientationPortrait UIInterfaceOrientationPortraitUpsideDown UIInterfaceOrientationLandscapeLeft UIInterfaceOrientationLandscapeRight";
				INFOPLIST_KEY_UISupportedInterfaceOrientations_iPhone = "UIInterfaceOrientationPortrait UIInterfaceOrientationLandscapeLeft UIInterfaceOrientationLandscapeRight";
				LD_RUNPATH_SEARCH_PATHS = (
					"$(inherited)",
					"@executable_path/Frameworks",
				);
				MARKETING_VERSION = 1.0;
				PRODUCT_BUNDLE_IDENTIFIER = "com.loveGodly.book-review";
				PRODUCT_NAME = "$(TARGET_NAME)";
				SWIFT_EMIT_LOC_STRINGS = YES;
				SWIFT_VERSION = 5.0;
				TARGETED_DEVICE_FAMILY = "1,2";
			};
			name = Debug;
		};
		3039039528094B41003457E1 /* Release */ = {
			isa = XCBuildConfiguration;
			baseConfigurationReference = 1E4251FE3735AC8B08230199 /* Pods-book-review.release.xcconfig */;
			buildSettings = {
				ASSETCATALOG_COMPILER_APPICON_NAME = AppIcon;
				ASSETCATALOG_COMPILER_GLOBAL_ACCENT_COLOR_NAME = AccentColor;
				CODE_SIGN_STYLE = Automatic;
				CURRENT_PROJECT_VERSION = 1;
				GENERATE_INFOPLIST_FILE = YES;
				INFOPLIST_FILE = "book-review/Info.plist";
				INFOPLIST_KEY_UIApplicationSupportsIndirectInputEvents = YES;
				INFOPLIST_KEY_UILaunchStoryboardName = LaunchScreen;
				INFOPLIST_KEY_UIMainStoryboardFile = Main;
				INFOPLIST_KEY_UISupportedInterfaceOrientations_iPad = "UIInterfaceOrientationPortrait UIInterfaceOrientationPortraitUpsideDown UIInterfaceOrientationLandscapeLeft UIInterfaceOrientationLandscapeRight";
				INFOPLIST_KEY_UISupportedInterfaceOrientations_iPhone = "UIInterfaceOrientationPortrait UIInterfaceOrientationLandscapeLeft UIInterfaceOrientationLandscapeRight";
				LD_RUNPATH_SEARCH_PATHS = (
					"$(inherited)",
					"@executable_path/Frameworks",
				);
				MARKETING_VERSION = 1.0;
				PRODUCT_BUNDLE_IDENTIFIER = "com.loveGodly.book-review";
				PRODUCT_NAME = "$(TARGET_NAME)";
				SWIFT_EMIT_LOC_STRINGS = YES;
				SWIFT_VERSION = 5.0;
				TARGETED_DEVICE_FAMILY = "1,2";
			};
			name = Release;
		};
/* End XCBuildConfiguration section */

/* Begin XCConfigurationList section */
		3039037A28094B40003457E1 /* Build configuration list for PBXProject "book-review" */ = {
			isa = XCConfigurationList;
			buildConfigurations = (
				3039039128094B41003457E1 /* Debug */,
				3039039228094B41003457E1 /* Release */,
			);
			defaultConfigurationIsVisible = 0;
			defaultConfigurationName = Release;
		};
		3039039328094B41003457E1 /* Build configuration list for PBXNativeTarget "book-review" */ = {
			isa = XCConfigurationList;
			buildConfigurations = (
				3039039428094B41003457E1 /* Debug */,
				3039039528094B41003457E1 /* Release */,
			);
			defaultConfigurationIsVisible = 0;
			defaultConfigurationName = Release;
		};
/* End XCConfigurationList section */
	};
	rootObject = 3039037728094B40003457E1 /* Project object */;
}
